
Microsoft Visual Studio Solution File, Format Version 12.00
# Visual Studio Version 17
VisualStudioVersion = 17.3.32929.385
MinimumVisualStudioVersion = 10.0.40219.1
Project("{FAE04EC0-301F-11D3-BF4B-00C04F79EFBC}") = "FirebaseCSharp", "Source\FirebaseCSharp\FirebaseCSharp.csproj", "{2E5E846E-6DF8-4BBE-BCF7-056C71C3A1DA}"
EndProject
Global
	GlobalSection(SolutionConfigurationPlatforms) = preSolution
		Debug|Any CPU = Debug|Any CPU
		Release|Any CPU = Release|Any CPU
	EndGlobalSection
	GlobalSection(ProjectConfigurationPlatforms) = postSolution
		{2E5E846E-6DF8-4BBE-BCF7-056C71C3A1DA}.Debug|Any CPU.ActiveCfg = Debug|Any CPU
		{2E5E846E-6DF8-4BBE-BCF7-056C71C3A1DA}.Debug|Any CPU.Build.0 = Debug|Any CPU
		{2E5E846E-6DF8-4BBE-BCF7-056C71C3A1DA}.Release|Any CPU.ActiveCfg = Release|Any CPU
		{2E5E846E-6DF8-4BBE-BCF7-056C71C3A1DA}.Release|Any CPU.Build.0 = Release|Any CPU
	EndGlobalSection
	GlobalSection(SolutionProperties) = preSolution
		HideSolutionNode = FALSE
	EndGlobalSection
	GlobalSection(ExtensibilityGlobals) = postSolution
		SolutionGuid = {AA049885-8427-4DA7-9DFD-973309E29D6B}
	EndGlobalSection
EndGlobal
